
Microsoft Visual Studio Solution File, Format Version 12.00
# Visual Studio Version 17
VisualStudioVersion = 17.3.32901.215
MinimumVisualStudioVersion = 10.0.40219.1
Project("{FAE04EC0-301F-11D3-BF4B-00C04F79EFBC}") = "control_stock", "control_stock\control_stock.csproj", "{6AFAA28D-A6A7-4A68-B448-5B586E259F0B}"
EndProject
Global
	GlobalSection(SolutionConfigurationPlatforms) = preSolution
		Debug|Any CPU = Debug|Any CPU
		Release|Any CPU = Release|Any CPU
	EndGlobalSection
	GlobalSection(ProjectConfigurationPlatforms) = postSolution
		{6AFAA28D-A6A7-4A68-B448-5B586E259F0B}.Debug|Any CPU.ActiveCfg = Debug|Any CPU
		{6AFAA28D-A6A7-4A68-B448-5B586E259F0B}.Debug|Any CPU.Build.0 = Debug|Any CPU
		{6AFAA28D-A6A7-4A68-B448-5B586E259F0B}.Release|Any CPU.ActiveCfg = Release|Any CPU
		{6AFAA28D-A6A7-4A68-B448-5B586E259F0B}.Release|Any CPU.Build.0 = Release|Any CPU
	EndGlobalSection
	GlobalSection(SolutionProperties) = preSolution
		HideSolutionNode = FALSE
	EndGlobalSection
	GlobalSection(ExtensibilityGlobals) = postSolution
		SolutionGuid = {C107085F-82AF-4803-BC1A-A8740E2AB139}
	EndGlobalSection
EndGlobal
